
Microsoft Visual Studio Solution File, Format Version 12.00
Project("{2150E333-8FDC-42A3-9474-1A3956D46DE8}") = "src", "src", "{3CEE40AE-91EE-4C7B-9D5E-C9075399C909}"
EndProject
Project("{2150E333-8FDC-42A3-9474-1A3956D46DE8}") = "BackEnd", "BackEnd", "{D525A4E0-1B4D-4D07-8E29-A74ADF0CFFD2}"
EndProject
Project("{2150E333-8FDC-42A3-9474-1A3956D46DE8}") = "FrontEnd", "FrontEnd", "{AA3D7CF1-4B2D-4F4D-84C8-6B1BB550B517}"
EndProject
Project("{2150E333-8FDC-42A3-9474-1A3956D46DE8}") = "Core", "Core", "{051D5710-D8D8-4CCE-B06D-666328933390}"
EndProject
Project("{FAE04EC0-301F-11D3-BF4B-00C04F79EFBC}") = "AppGestion.Domain", "src\BackEnd\Core\AppGestion.Domain\AppGestion.Domain.csproj", "{B1599B0D-9C22-4AFC-8419-97E6D1BE38E3}"
EndProject
Project("{FAE04EC0-301F-11D3-BF4B-00C04F79EFBC}") = "AppGestion.Application", "src\BackEnd\Core\AppGestion.Application\AppGestion.Application.csproj", "{EB4E1510-7305-45BD-9A53-FD7C8FD38876}"
EndProject
Project("{2150E333-8FDC-42A3-9474-1A3956D46DE8}") = "Infrastructure", "Infrastructure", "{333D8241-AD0F-4AF1-B60D-0FD5AB988E9A}"
EndProject
Project("{FAE04EC0-301F-11D3-BF4B-00C04F79EFBC}") = "AppGestion.Infrastructure.Persistence", "src\BackEnd\Infrastructure\AppGestion.Infrastructure.Persistence\AppGestion.Infrastructure.Persistence.csproj", "{E7004151-15C0-46FD-BEAA-63852C70991D}"
EndProject
Project("{FAE04EC0-301F-11D3-BF4B-00C04F79EFBC}") = "AppGestion.Infrastructure.Identity", "src\BackEnd\Infrastructure\AppGestion.Infrastructure.Identity\AppGestion.Infrastructure.Identity.csproj", "{E58ED620-14EA-49A0-8B11-D353B7C3F0D2}"
EndProject
Project("{2150E333-8FDC-42A3-9474-1A3956D46DE8}") = "API", "API", "{893B0CBF-15BB-4180-885D-2A4922BBFEF8}"
EndProject
Project("{FAE04EC0-301F-11D3-BF4B-00C04F79EFBC}") = "AppGestion.WebFramework", "src\BackEnd\API\AppGestion.WebFramework\AppGestion.WebFramework.csproj", "{DCBF8FC1-371A-4038-A5E0-CBC4A49F86C3}"
EndProject
Project("{FAE04EC0-301F-11D3-BF4B-00C04F79EFBC}") = "AppGestion.Web.Api", "src\BackEnd\API\AppGestion.Web.Api\AppGestion.Web.Api.csproj", "{ACB1F01C-F51A-4321-A041-314A177D7FDB}"
EndProject
Global
	GlobalSection(SolutionConfigurationPlatforms) = preSolution
		Debug|Any CPU = Debug|Any CPU
		Release|Any CPU = Release|Any CPU
	EndGlobalSection
	GlobalSection(NestedProjects) = preSolution
		{D525A4E0-1B4D-4D07-8E29-A74ADF0CFFD2} = {3CEE40AE-91EE-4C7B-9D5E-C9075399C909}
		{AA3D7CF1-4B2D-4F4D-84C8-6B1BB550B517} = {3CEE40AE-91EE-4C7B-9D5E-C9075399C909}
		{051D5710-D8D8-4CCE-B06D-666328933390} = {D525A4E0-1B4D-4D07-8E29-A74ADF0CFFD2}
		{B1599B0D-9C22-4AFC-8419-97E6D1BE38E3} = {051D5710-D8D8-4CCE-B06D-666328933390}
		{EB4E1510-7305-45BD-9A53-FD7C8FD38876} = {051D5710-D8D8-4CCE-B06D-666328933390}
		{333D8241-AD0F-4AF1-B60D-0FD5AB988E9A} = {D525A4E0-1B4D-4D07-8E29-A74ADF0CFFD2}
		{E7004151-15C0-46FD-BEAA-63852C70991D} = {333D8241-AD0F-4AF1-B60D-0FD5AB988E9A}
		{E58ED620-14EA-49A0-8B11-D353B7C3F0D2} = {333D8241-AD0F-4AF1-B60D-0FD5AB988E9A}
		{893B0CBF-15BB-4180-885D-2A4922BBFEF8} = {D525A4E0-1B4D-4D07-8E29-A74ADF0CFFD2}
		{DCBF8FC1-371A-4038-A5E0-CBC4A49F86C3} = {893B0CBF-15BB-4180-885D-2A4922BBFEF8}
		{ACB1F01C-F51A-4321-A041-314A177D7FDB} = {893B0CBF-15BB-4180-885D-2A4922BBFEF8}
	EndGlobalSection
	GlobalSection(ProjectConfigurationPlatforms) = postSolution
		{B1599B0D-9C22-4AFC-8419-97E6D1BE38E3}.Debug|Any CPU.ActiveCfg = Debug|Any CPU
		{B1599B0D-9C22-4AFC-8419-97E6D1BE38E3}.Debug|Any CPU.Build.0 = Debug|Any CPU
		{B1599B0D-9C22-4AFC-8419-97E6D1BE38E3}.Release|Any CPU.ActiveCfg = Release|Any CPU
		{B1599B0D-9C22-4AFC-8419-97E6D1BE38E3}.Release|Any CPU.Build.0 = Release|Any CPU
		{EB4E1510-7305-45BD-9A53-FD7C8FD38876}.Debug|Any CPU.ActiveCfg = Debug|Any CPU
		{EB4E1510-7305-45BD-9A53-FD7C8FD38876}.Debug|Any CPU.Build.0 = Debug|Any CPU
		{EB4E1510-7305-45BD-9A53-FD7C8FD38876}.Release|Any CPU.ActiveCfg = Release|Any CPU
		{EB4E1510-7305-45BD-9A53-FD7C8FD38876}.Release|Any CPU.Build.0 = Release|Any CPU
		{E7004151-15C0-46FD-BEAA-63852C70991D}.Debug|Any CPU.ActiveCfg = Debug|Any CPU
		{E7004151-15C0-46FD-BEAA-63852C70991D}.Debug|Any CPU.Build.0 = Debug|Any CPU
		{E7004151-15C0-46FD-BEAA-63852C70991D}.Release|Any CPU.ActiveCfg = Release|Any CPU
		{E7004151-15C0-46FD-BEAA-63852C70991D}.Release|Any CPU.Build.0 = Release|Any CPU
		{E58ED620-14EA-49A0-8B11-D353B7C3F0D2}.Debug|Any CPU.ActiveCfg = Debug|Any CPU
		{E58ED620-14EA-49A0-8B11-D353B7C3F0D2}.Debug|Any CPU.Build.0 = Debug|Any CPU
		{E58ED620-14EA-49A0-8B11-D353B7C3F0D2}.Release|Any CPU.ActiveCfg = Release|Any CPU
		{E58ED620-14EA-49A0-8B11-D353B7C3F0D2}.Release|Any CPU.Build.0 = Release|Any CPU
		{DCBF8FC1-371A-4038-A5E0-CBC4A49F86C3}.Debug|Any CPU.ActiveCfg = Debug|Any CPU
		{DCBF8FC1-371A-4038-A5E0-CBC4A49F86C3}.Debug|Any CPU.Build.0 = Debug|Any CPU
		{DCBF8FC1-371A-4038-A5E0-CBC4A49F86C3}.Release|Any CPU.ActiveCfg = Release|Any CPU
		{DCBF8FC1-371A-4038-A5E0-CBC4A49F86C3}.Release|Any CPU.Build.0 = Release|Any CPU
		{ACB1F01C-F51A-4321-A041-314A177D7FDB}.Debug|Any CPU.ActiveCfg = Debug|Any CPU
		{ACB1F01C-F51A-4321-A041-314A177D7FDB}.Debug|Any CPU.Build.0 = Debug|Any CPU
		{ACB1F01C-F51A-4321-A041-314A177D7FDB}.Release|Any CPU.ActiveCfg = Release|Any CPU
		{ACB1F01C-F51A-4321-A041-314A177D7FDB}.Release|Any CPU.Build.0 = Release|Any CPU
	EndGlobalSection
EndGlobal
